
Microsoft Visual Studio Solution File, Format Version 12.00
# Visual Studio Version 16
VisualStudioVersion = 16.0.31019.35
MinimumVisualStudioVersion = 10.0.40219.1
Project("{FAE04EC0-301F-11D3-BF4B-00C04F79EFBC}") = "AutumnService", "AutumnService\AutumnService.csproj", "{2CBC7503-5BD5-47FB-95F7-C62A75D15332}"
EndProject
Global
	GlobalSection(SolutionConfigurationPlatforms) = preSolution
		Debug|Any CPU = Debug|Any CPU
		Release|Any CPU = Release|Any CPU
	EndGlobalSection
	GlobalSection(ProjectConfigurationPlatforms) = postSolution
		{2CBC7503-5BD5-47FB-95F7-C62A75D15332}.Debug|Any CPU.ActiveCfg = Debug|Any CPU
		{2CBC7503-5BD5-47FB-95F7-C62A75D15332}.Debug|Any CPU.Build.0 = Debug|Any CPU
		{2CBC7503-5BD5-47FB-95F7-C62A75D15332}.Release|Any CPU.ActiveCfg = Release|Any CPU
		{2CBC7503-5BD5-47FB-95F7-C62A75D15332}.Release|Any CPU.Build.0 = Release|Any CPU
	EndGlobalSection
	GlobalSection(SolutionProperties) = preSolution
		HideSolutionNode = FALSE
	EndGlobalSection
	GlobalSection(ExtensibilityGlobals) = postSolution
		SolutionGuid = {E6A143E1-A6EF-4C4E-B498-DBCE605D3423}
	EndGlobalSection
EndGlobal
